
Microsoft Visual Studio Solution File, Format Version 12.00
# Visual Studio Version 17
VisualStudioVersion = 17.11.35222.181
MinimumVisualStudioVersion = 10.0.40219.1
Project("{8BC9CEB8-8B4A-11D0-8D11-00A0C91BC942}") = "ST25R200_Console", "ST25R200_Console.vcxproj", "{0AE72D11-158A-4948-9FED-25D43A879BD3}"
EndProject
Global
	GlobalSection(SolutionConfigurationPlatforms) = preSolution
		Debug|x64 = Debug|x64
		Release|x64 = Release|x64
	EndGlobalSection
	GlobalSection(ProjectConfigurationPlatforms) = postSolution
		{0AE72D11-158A-4948-9FED-25D43A879BD3}.Debug|x64.ActiveCfg = Debug|x64
		{0AE72D11-158A-4948-9FED-25D43A879BD3}.Debug|x64.Build.0 = Debug|x64
		{0AE72D11-158A-4948-9FED-25D43A879BD3}.Release|x64.ActiveCfg = Release|x64
		{0AE72D11-158A-4948-9FED-25D43A879BD3}.Release|x64.Build.0 = Release|x64
	EndGlobalSection
	GlobalSection(SolutionProperties) = preSolution
		HideSolutionNode = FALSE
	EndGlobalSection
	GlobalSection(ExtensibilityGlobals) = postSolution
		SolutionGuid = {01A2E1D3-23E9-48D5-841E-9C22A97602AF}
	EndGlobalSection
EndGlobal
